// !$*UTF8*$!
{
	archiveVersion = 1;
	classes = {
	};
	objectVersion = 50;
	objects = {

/* Begin PBXBuildFile section */
		242929E6233E02A80056E938 /* Ball.swift in Sources */ = {isa = PBXBuildFile; fileRef = 242929E5233E02A80056E938 /* Ball.swift */; };
		242929E7233E02A80056E938 /* Ball.swift in Sources */ = {isa = PBXBuildFile; fileRef = 242929E5233E02A80056E938 /* Ball.swift */; };
		242929EF233E07D20056E938 /* FlipperStop.swift in Sources */ = {isa = PBXBuildFile; fileRef = 242929EE233E07D20056E938 /* FlipperStop.swift */; };
		242929F0233E07D20056E938 /* FlipperStop.swift in Sources */ = {isa = PBXBuildFile; fileRef = 242929EE233E07D20056E938 /* FlipperStop.swift */; };
		242929F3233E0F4C0056E938 /* GameController.framework in Frameworks */ = {isa = PBXBuildFile; fileRef = 242929F2233E0F4C0056E938 /* GameController.framework */; };
		242929F5233E0F750056E938 /* GameScene_GameControllers.swift in Sources */ = {isa = PBXBuildFile; fileRef = 242929F4233E0F750056E938 /* GameScene_GameControllers.swift */; };
		242929F6233E0F750056E938 /* GameScene_GameControllers.swift in Sources */ = {isa = PBXBuildFile; fileRef = 242929F4233E0F750056E938 /* GameScene_GameControllers.swift */; };
		2432057C233DD9580058DC04 /* AppDelegate.swift in Sources */ = {isa = PBXBuildFile; fileRef = 2432057B233DD9580058DC04 /* AppDelegate.swift */; };
		2432057E233DD9580058DC04 /* GameSceneTV.old.sks in Resources */ = {isa = PBXBuildFile; fileRef = 2432057D233DD9580058DC04 /* GameSceneTV.old.sks */; };
		24320582233DD9580058DC04 /* GameScene.swift in Sources */ = {isa = PBXBuildFile; fileRef = 24320581233DD9580058DC04 /* GameScene.swift */; };
		24320584233DD9580058DC04 /* GameViewController.swift in Sources */ = {isa = PBXBuildFile; fileRef = 24320583233DD9580058DC04 /* GameViewController.swift */; };
		24320587233DD9580058DC04 /* Main.storyboard in Resources */ = {isa = PBXBuildFile; fileRef = 24320585233DD9580058DC04 /* Main.storyboard */; };
		24320597233DD98B0058DC04 /* AppDelegate.swift in Sources */ = {isa = PBXBuildFile; fileRef = 24320596233DD98B0058DC04 /* AppDelegate.swift */; };
		243205A2233DD98B0058DC04 /* Main.storyboard in Resources */ = {isa = PBXBuildFile; fileRef = 243205A0233DD98B0058DC04 /* Main.storyboard */; };
		243205A4233DD98B0058DC04 /* Assets.xcassets in Resources */ = {isa = PBXBuildFile; fileRef = 243205A3233DD98B0058DC04 /* Assets.xcassets */; };
		243205A7233DD98B0058DC04 /* LaunchScreen.storyboard in Resources */ = {isa = PBXBuildFile; fileRef = 243205A5233DD98B0058DC04 /* LaunchScreen.storyboard */; };
		243205AD233DDA760058DC04 /* GameScenePhone2.sks in Resources */ = {isa = PBXBuildFile; fileRef = 243205AC233DDA760058DC04 /* GameScenePhone2.sks */; };
		243205B0233DDAE30058DC04 /* GameScene.swift in Sources */ = {isa = PBXBuildFile; fileRef = 24320581233DD9580058DC04 /* GameScene.swift */; };
		243205B1233DDAEB0058DC04 /* GameViewController.swift in Sources */ = {isa = PBXBuildFile; fileRef = 24320583233DD9580058DC04 /* GameViewController.swift */; };
		243205B5233DE0BE0058DC04 /* GameScene_Touches.swift in Sources */ = {isa = PBXBuildFile; fileRef = 243205B4233DE0BE0058DC04 /* GameScene_Touches.swift */; };
		243205B6233DE0BE0058DC04 /* GameScene_Touches.swift in Sources */ = {isa = PBXBuildFile; fileRef = 243205B4233DE0BE0058DC04 /* GameScene_Touches.swift */; };
		243205CE233DEDFB0058DC04 /* Assets.xcassets in Resources */ = {isa = PBXBuildFile; fileRef = 243205CD233DEDFB0058DC04 /* Assets.xcassets */; };
		243205CF233DEDFB0058DC04 /* Assets.xcassets in Resources */ = {isa = PBXBuildFile; fileRef = 243205CD233DEDFB0058DC04 /* Assets.xcassets */; };
		243205D1233DF1DA0058DC04 /* Flipper.swift in Sources */ = {isa = PBXBuildFile; fileRef = 243205D0233DF1DA0058DC04 /* Flipper.swift */; };
		243205D2233DF1DA0058DC04 /* Flipper.swift in Sources */ = {isa = PBXBuildFile; fileRef = 243205D0233DF1DA0058DC04 /* Flipper.swift */; };
		24D7BB8A233E1BA400C86525 /* GameScenePad.sks in Resources */ = {isa = PBXBuildFile; fileRef = 24D7BB89233E1BA400C86525 /* GameScenePad.sks */; };
		24D7BB8C233E1D0000C86525 /* GameSceneTV.sks in Resources */ = {isa = PBXBuildFile; fileRef = 24D7BB8B233E1D0000C86525 /* GameSceneTV.sks */; };
		24D7BB8E233E1D9100C86525 /* GameScene_Physics.swift in Sources */ = {isa = PBXBuildFile; fileRef = 24D7BB8D233E1D9100C86525 /* GameScene_Physics.swift */; };
		24D7BB8F233E1D9100C86525 /* GameScene_Physics.swift in Sources */ = {isa = PBXBuildFile; fileRef = 24D7BB8D233E1D9100C86525 /* GameScene_Physics.swift */; };
		24D7BB91233E202C00C86525 /* GameScenePhone.old.sks in Resources */ = {isa = PBXBuildFile; fileRef = 24D7BB90233E202C00C86525 /* GameScenePhone.old.sks */; };
		24D7BB92233E202C00C86525 /* GameScenePhone.old.sks in Resources */ = {isa = PBXBuildFile; fileRef = 24D7BB90233E202C00C86525 /* GameScenePhone.old.sks */; };
		24D7BB94233E20D500C86525 /* GameScenePhone.sks in Resources */ = {isa = PBXBuildFile; fileRef = 24D7BB93233E20D500C86525 /* GameScenePhone.sks */; };
/* End PBXBuildFile section */

/* Begin PBXFileReference section */
		242929E5233E02A80056E938 /* Ball.swift */ = {isa = PBXFileReference; fileEncoding = 4; lastKnownFileType = sourcecode.swift; path = Ball.swift; sourceTree = "<group>"; };
		242929EE233E07D20056E938 /* FlipperStop.swift */ = {isa = PBXFileReference; fileEncoding = 4; lastKnownFileType = sourcecode.swift; path = FlipperStop.swift; sourceTree = "<group>"; };
		242929F2233E0F4C0056E938 /* GameController.framework */ = {isa = PBXFileReference; lastKnownFileType = wrapper.framework; name = GameController.framework; path = System/Library/Frameworks/GameController.framework; sourceTree = SDKROOT; };
		242929F4233E0F750056E938 /* GameScene_GameControllers.swift */ = {isa = PBXFileReference; lastKnownFileType = sourcecode.swift; path = GameScene_GameControllers.swift; sourceTree = "<group>"; };
		24320578233DD9580058DC04 /* PinballTV.app */ = {isa = PBXFileReference; explicitFileType = wrapper.application; includeInIndex = 0; path = PinballTV.app; sourceTree = BUILT_PRODUCTS_DIR; };
		2432057B233DD9580058DC04 /* AppDelegate.swift */ = {isa = PBXFileReference; lastKnownFileType = sourcecode.swift; path = AppDelegate.swift; sourceTree = "<group>"; };
		2432057D233DD9580058DC04 /* GameSceneTV.old.sks */ = {isa = PBXFileReference; lastKnownFileType = file.sks; path = GameSceneTV.old.sks; sourceTree = "<group>"; };
		24320581233DD9580058DC04 /* GameScene.swift */ = {isa = PBXFileReference; lastKnownFileType = sourcecode.swift; path = GameScene.swift; sourceTree = "<group>"; };
		24320583233DD9580058DC04 /* GameViewController.swift */ = {isa = PBXFileReference; lastKnownFileType = sourcecode.swift; path = GameViewController.swift; sourceTree = "<group>"; };
		24320586233DD9580058DC04 /* Base */ = {isa = PBXFileReference; lastKnownFileType = file.storyboard; name = Base; path = Base.lproj/Main.storyboard; sourceTree = "<group>"; };
		2432058A233DD9590058DC04 /* Info.plist */ = {isa = PBXFileReference; lastKnownFileType = text.plist.xml; path = Info.plist; sourceTree = "<group>"; };
		24320594233DD98B0058DC04 /* PinballiOS.app */ = {isa = PBXFileReference; explicitFileType = wrapper.application; includeInIndex = 0; path = PinballiOS.app; sourceTree = BUILT_PRODUCTS_DIR; };
		24320596233DD98B0058DC04 /* AppDelegate.swift */ = {isa = PBXFileReference; lastKnownFileType = sourcecode.swift; path = AppDelegate.swift; sourceTree = "<group>"; };
		243205A1233DD98B0058DC04 /* Base */ = {isa = PBXFileReference; lastKnownFileType = file.storyboard; name = Base; path = Base.lproj/Main.storyboard; sourceTree = "<group>"; };
		243205A3233DD98B0058DC04 /* Assets.xcassets */ = {isa = PBXFileReference; lastKnownFileType = folder.assetcatalog; path = Assets.xcassets; sourceTree = "<group>"; };
		243205A6233DD98B0058DC04 /* Base */ = {isa = PBXFileReference; lastKnownFileType = file.storyboard; name = Base; path = Base.lproj/LaunchScreen.storyboard; sourceTree = "<group>"; };
		243205A8233DD98B0058DC04 /* Info.plist */ = {isa = PBXFileReference; lastKnownFileType = text.plist.xml; path = Info.plist; sourceTree = "<group>"; };
		243205AC233DDA760058DC04 /* GameScenePhone2.sks */ = {isa = PBXFileReference; lastKnownFileType = file.sks; path = GameScenePhone2.sks; sourceTree = "<group>"; };
		243205B4233DE0BE0058DC04 /* GameScene_Touches.swift */ = {isa = PBXFileReference; lastKnownFileType = sourcecode.swift; path = GameScene_Touches.swift; sourceTree = "<group>"; };
		243205CD233DEDFB0058DC04 /* Assets.xcassets */ = {isa = PBXFileReference; lastKnownFileType = folder.assetcatalog; path = Assets.xcassets; sourceTree = "<group>"; };
		243205D0233DF1DA0058DC04 /* Flipper.swift */ = {isa = PBXFileReference; lastKnownFileType = sourcecode.swift; path = Flipper.swift; sourceTree = "<group>"; };
		24D7BB89233E1BA400C86525 /* GameScenePad.sks */ = {isa = PBXFileReference; lastKnownFileType = file.sks; path = GameScenePad.sks; sourceTree = "<group>"; };
		24D7BB8B233E1D0000C86525 /* GameSceneTV.sks */ = {isa = PBXFileReference; lastKnownFileType = file.sks; path = GameSceneTV.sks; sourceTree = "<group>"; };
		24D7BB8D233E1D9100C86525 /* GameScene_Physics.swift */ = {isa = PBXFileReference; lastKnownFileType = sourcecode.swift; path = GameScene_Physics.swift; sourceTree = "<group>"; };
		24D7BB90233E202C00C86525 /* GameScenePhone.old.sks */ = {isa = PBXFileReference; lastKnownFileType = file.sks; path = GameScenePhone.old.sks; sourceTree = "<group>"; };
		24D7BB93233E20D500C86525 /* GameScenePhone.sks */ = {isa = PBXFileReference; lastKnownFileType = file.sks; path = GameScenePhone.sks; sourceTree = "<group>"; };
/* End PBXFileReference section */

/* Begin PBXFrameworksBuildPhase section */
		24320575233DD9580058DC04 /* Frameworks */ = {
			isa = PBXFrameworksBuildPhase;
			buildActionMask = 2147483647;
			files = (
				242929F3233E0F4C0056E938 /* GameController.framework in Frameworks */,
			);
			runOnlyForDeploymentPostprocessing = 0;
		};
		24320591233DD98B0058DC04 /* Frameworks */ = {
			isa = PBXFrameworksBuildPhase;
			buildActionMask = 2147483647;
			files = (
			);
			runOnlyForDeploymentPostprocessing = 0;
		};
/* End PBXFrameworksBuildPhase section */

/* Begin PBXGroup section */
		242929F1233E0F4C0056E938 /* Frameworks */ = {
			isa = PBXGroup;
			children = (
				242929F2233E0F4C0056E938 /* GameController.framework */,
			);
			name = Frameworks;
			sourceTree = "<group>";
		};
		2432056F233DD9580058DC04 = {
			isa = PBXGroup;
			children = (
				2432057A233DD9580058DC04 /* PinballTV */,
				243205D3233DF2090058DC04 /* TableClasses */,
				24320595233DD98B0058DC04 /* PinballiOS */,
				24320579233DD9580058DC04 /* Products */,
				242929F1233E0F4C0056E938 /* Frameworks */,
			);
			sourceTree = "<group>";
		};
		24320579233DD9580058DC04 /* Products */ = {
			isa = PBXGroup;
			children = (
				24320578233DD9580058DC04 /* PinballTV.app */,
				24320594233DD98B0058DC04 /* PinballiOS.app */,
			);
			name = Products;
			sourceTree = "<group>";
		};
		2432057A233DD9580058DC04 /* PinballTV */ = {
			isa = PBXGroup;
			children = (
				2432057B233DD9580058DC04 /* AppDelegate.swift */,
				24D7BB8B233E1D0000C86525 /* GameSceneTV.sks */,
				2432057D233DD9580058DC04 /* GameSceneTV.old.sks */,
				24320581233DD9580058DC04 /* GameScene.swift */,
				243205B4233DE0BE0058DC04 /* GameScene_Touches.swift */,
				242929F4233E0F750056E938 /* GameScene_GameControllers.swift */,
				24D7BB8D233E1D9100C86525 /* GameScene_Physics.swift */,
				24320583233DD9580058DC04 /* GameViewController.swift */,
				24320585233DD9580058DC04 /* Main.storyboard */,
				243205CD233DEDFB0058DC04 /* Assets.xcassets */,
				2432058A233DD9590058DC04 /* Info.plist */,
			);
			path = PinballTV;
			sourceTree = "<group>";
		};
		24320595233DD98B0058DC04 /* PinballiOS */ = {
			isa = PBXGroup;
			children = (
				24D7BB93233E20D500C86525 /* GameScenePhone.sks */,
				24320596233DD98B0058DC04 /* AppDelegate.swift */,
				243205AC233DDA760058DC04 /* GameScenePhone2.sks */,
				24D7BB90233E202C00C86525 /* GameScenePhone.old.sks */,
				24D7BB89233E1BA400C86525 /* GameScenePad.sks */,
				243205A0233DD98B0058DC04 /* Main.storyboard */,
				243205A3233DD98B0058DC04 /* Assets.xcassets */,
				243205A5233DD98B0058DC04 /* LaunchScreen.storyboard */,
				243205A8233DD98B0058DC04 /* Info.plist */,
			);
			path = PinballiOS;
			sourceTree = "<group>";
		};
		243205D3233DF2090058DC04 /* TableClasses */ = {
			isa = PBXGroup;
			children = (
				243205D0233DF1DA0058DC04 /* Flipper.swift */,
				242929E5233E02A80056E938 /* Ball.swift */,
				242929EE233E07D20056E938 /* FlipperStop.swift */,
			);
			path = TableClasses;
			sourceTree = "<group>";
		};
/* End PBXGroup section */

/* Begin PBXNativeTarget section */
		24320577233DD9580058DC04 /* PinballTV */ = {
			isa = PBXNativeTarget;
			buildConfigurationList = 2432058D233DD9590058DC04 /* Build configuration list for PBXNativeTarget "PinballTV" */;
			buildPhases = (
				24320574233DD9580058DC04 /* Sources */,
				24320575233DD9580058DC04 /* Frameworks */,
				24320576233DD9580058DC04 /* Resources */,
			);
			buildRules = (
			);
			dependencies = (
			);
			name = PinballTV;
			productName = PinballTV;
			productReference = 24320578233DD9580058DC04 /* PinballTV.app */;
			productType = "com.apple.product-type.application";
		};
		24320593233DD98B0058DC04 /* PinballiOS */ = {
			isa = PBXNativeTarget;
			buildConfigurationList = 243205A9233DD98B0058DC04 /* Build configuration list for PBXNativeTarget "PinballiOS" */;
			buildPhases = (
				24320590233DD98B0058DC04 /* Sources */,
				24320591233DD98B0058DC04 /* Frameworks */,
				24320592233DD98B0058DC04 /* Resources */,
			);
			buildRules = (
			);
			dependencies = (
			);
			name = PinballiOS;
			productName = PinballiOS;
			productReference = 24320594233DD98B0058DC04 /* PinballiOS.app */;
			productType = "com.apple.product-type.application";
		};
/* End PBXNativeTarget section */

/* Begin PBXProject section */
		24320570233DD9580058DC04 /* Project object */ = {
			isa = PBXProject;
			attributes = {
				LastSwiftUpdateCheck = 1030;
				LastUpgradeCheck = 1030;
				ORGANIZATIONNAME = "Dian \"Charles\" Qi";
				TargetAttributes = {
					24320577233DD9580058DC04 = {
						CreatedOnToolsVersion = 10.3;
						SystemCapabilities = {
							com.apple.GameControllers.appletvos = {
								enabled = 1;
							};
						};
					};
					24320593233DD98B0058DC04 = {
						CreatedOnToolsVersion = 10.3;
					};
				};
			};
			buildConfigurationList = 24320573233DD9580058DC04 /* Build configuration list for PBXProject "PinballTV" */;
			compatibilityVersion = "Xcode 9.3";
			developmentRegion = en;
			hasScannedForEncodings = 0;
			knownRegions = (
				en,
				Base,
			);
			mainGroup = 2432056F233DD9580058DC04;
			productRefGroup = 24320579233DD9580058DC04 /* Products */;
			projectDirPath = "";
			projectRoot = "";
			targets = (
				24320577233DD9580058DC04 /* PinballTV */,
				24320593233DD98B0058DC04 /* PinballiOS */,
			);
		};
/* End PBXProject section */

/* Begin PBXResourcesBuildPhase section */
		24320576233DD9580058DC04 /* Resources */ = {
			isa = PBXResourcesBuildPhase;
			buildActionMask = 2147483647;
			files = (
				24D7BB91233E202C00C86525 /* GameScenePhone.old.sks in Resources */,
				24320587233DD9580058DC04 /* Main.storyboard in Resources */,
				2432057E233DD9580058DC04 /* GameSceneTV.old.sks in Resources */,
				243205CE233DEDFB0058DC04 /* Assets.xcassets in Resources */,
			);
			runOnlyForDeploymentPostprocessing = 0;
		};
		24320592233DD98B0058DC04 /* Resources */ = {
			isa = PBXResourcesBuildPhase;
			buildActionMask = 2147483647;
			files = (
				243205A2233DD98B0058DC04 /* Main.storyboard in Resources */,
				243205AD233DDA760058DC04 /* GameScenePhone2.sks in Resources */,
				243205A4233DD98B0058DC04 /* Assets.xcassets in Resources */,
				243205A7233DD98B0058DC04 /* LaunchScreen.storyboard in Resources */,
				24D7BB92233E202C00C86525 /* GameScenePhone.old.sks in Resources */,
				24D7BB8A233E1BA400C86525 /* GameScenePad.sks in Resources */,
				243205CF233DEDFB0058DC04 /* Assets.xcassets in Resources */,
				24D7BB94233E20D500C86525 /* GameScenePhone.sks in Resources */,
				24D7BB8C233E1D0000C86525 /* GameSceneTV.sks in Resources */,
			);
			runOnlyForDeploymentPostprocessing = 0;
		};
/* End PBXResourcesBuildPhase section */

/* Begin PBXSourcesBuildPhase section */
		24320574233DD9580058DC04 /* Sources */ = {
			isa = PBXSourcesBuildPhase;
			buildActionMask = 2147483647;
			files = (
				242929EF233E07D20056E938 /* FlipperStop.swift in Sources */,
				243205B5233DE0BE0058DC04 /* GameScene_Touches.swift in Sources */,
				242929F5233E0F750056E938 /* GameScene_GameControllers.swift in Sources */,
				24320582233DD9580058DC04 /* GameScene.swift in Sources */,
				24320584233DD9580058DC04 /* GameViewController.swift in Sources */,
				24D7BB8E233E1D9100C86525 /* GameScene_Physics.swift in Sources */,
				243205D1233DF1DA0058DC04 /* Flipper.swift in Sources */,
				2432057C233DD9580058DC04 /* AppDelegate.swift in Sources */,
				242929E6233E02A80056E938 /* Ball.swift in Sources */,
			);
			runOnlyForDeploymentPostprocessing = 0;
		};
		24320590233DD98B0058DC04 /* Sources */ = {
			isa = PBXSourcesBuildPhase;
			buildActionMask = 2147483647;
			files = (
				242929F0233E07D20056E938 /* FlipperStop.swift in Sources */,
				243205B6233DE0BE0058DC04 /* GameScene_Touches.swift in Sources */,
				242929F6233E0F750056E938 /* GameScene_GameControllers.swift in Sources */,
				243205B1233DDAEB0058DC04 /* GameViewController.swift in Sources */,
				243205B0233DDAE30058DC04 /* GameScene.swift in Sources */,
				24D7BB8F233E1D9100C86525 /* GameScene_Physics.swift in Sources */,
				243205D2233DF1DA0058DC04 /* Flipper.swift in Sources */,
				24320597233DD98B0058DC04 /* AppDelegate.swift in Sources */,
				242929E7233E02A80056E938 /* Ball.swift in Sources */,
			);
			runOnlyForDeploymentPostprocessing = 0;
		};
/* End PBXSourcesBuildPhase section */

/* Begin PBXVariantGroup section */
		24320585233DD9580058DC04 /* Main.storyboard */ = {
			isa = PBXVariantGroup;
			children = (
				24320586233DD9580058DC04 /* Base */,
			);
			name = Main.storyboard;
			sourceTree = "<group>";
		};
		243205A0233DD98B0058DC04 /* Main.storyboard */ = {
			isa = PBXVariantGroup;
			children = (
				243205A1233DD98B0058DC04 /* Base */,
			);
			name = Main.storyboard;
			sourceTree = "<group>";
		};
		243205A5233DD98B0058DC04 /* LaunchScreen.storyboard */ = {
			isa = PBXVariantGroup;
			children = (
				243205A6233DD98B0058DC04 /* Base */,
			);
			name = LaunchScreen.storyboard;
			sourceTree = "<group>";
		};
/* End PBXVariantGroup section */

/* Begin XCBuildConfiguration section */
		2432058B233DD9590058DC04 /* Debug */ = {
			isa = XCBuildConfiguration;
			buildSettings = {
				ALWAYS_SEARCH_USER_PATHS = NO;
				CLANG_ANALYZER_NONNULL = YES;
				CLANG_ANALYZER_NUMBER_OBJECT_CONVERSION = YES_AGGRESSIVE;
				CLANG_CXX_LANGUAGE_STANDARD = "gnu++14";
				CLANG_CXX_LIBRARY = "libc++";
				CLANG_ENABLE_MODULES = YES;
				CLANG_ENABLE_OBJC_ARC = YES;
				CLANG_ENABLE_OBJC_WEAK = YES;
				CLANG_WARN_BLOCK_CAPTURE_AUTORELEASING = YES;
				CLANG_WARN_BOOL_CONVERSION = YES;
				CLANG_WARN_COMMA = YES;
				CLANG_WARN_CONSTANT_CONVERSION = YES;
				CLANG_WARN_DEPRECATED_OBJC_IMPLEMENTATIONS = YES;
				CLANG_WARN_DIRECT_OBJC_ISA_USAGE = YES_ERROR;
				CLANG_WARN_DOCUMENTATION_COMMENTS = YES;
				CLANG_WARN_EMPTY_BODY = YES;
				CLANG_WARN_ENUM_CONVERSION = YES;
				CLANG_WARN_INFINITE_RECURSION = YES;
				CLANG_WARN_INT_CONVERSION = YES;
				CLANG_WARN_NON_LITERAL_NULL_CONVERSION = YES;
				CLANG_WARN_OBJC_IMPLICIT_RETAIN_SELF = YES;
				CLANG_WARN_OBJC_LITERAL_CONVERSION = YES;
				CLANG_WARN_OBJC_ROOT_CLASS = YES_ERROR;
				CLANG_WARN_RANGE_LOOP_ANALYSIS = YES;
				CLANG_WARN_STRICT_PROTOTYPES = YES;
				CLANG_WARN_SUSPICIOUS_MOVE = YES;
				CLANG_WARN_UNGUARDED_AVAILABILITY = YES_AGGRESSIVE;
				CLANG_WARN_UNREACHABLE_CODE = YES;
				CLANG_WARN__DUPLICATE_METHOD_MATCH = YES;
				COPY_PHASE_STRIP = NO;
				DEBUG_INFORMATION_FORMAT = dwarf;
				ENABLE_STRICT_OBJC_MSGSEND = YES;
				ENABLE_TESTABILITY = YES;
				GCC_C_LANGUAGE_STANDARD = gnu11;
				GCC_DYNAMIC_NO_PIC = NO;
				GCC_NO_COMMON_BLOCKS = YES;
				GCC_OPTIMIZATION_LEVEL = 0;
				GCC_PREPROCESSOR_DEFINITIONS = (
					"DEBUG=1",
					"$(inherited)",
				);
				GCC_WARN_64_TO_32_BIT_CONVERSION = YES;
				GCC_WARN_ABOUT_RETURN_TYPE = YES_ERROR;
				GCC_WARN_UNDECLARED_SELECTOR = YES;
				GCC_WARN_UNINITIALIZED_AUTOS = YES_AGGRESSIVE;
				GCC_WARN_UNUSED_FUNCTION = YES;
				GCC_WARN_UNUSED_VARIABLE = YES;
				MTL_ENABLE_DEBUG_INFO = INCLUDE_SOURCE;
				MTL_FAST_MATH = YES;
				ONLY_ACTIVE_ARCH = YES;
				SDKROOT = appletvos;
				SWIFT_ACTIVE_COMPILATION_CONDITIONS = DEBUG;
				SWIFT_OPTIMIZATION_LEVEL = "-Onone";
				TVOS_DEPLOYMENT_TARGET = 12.4;
			};
			name = Debug;
		};
		2432058C233DD9590058DC04 /* Release */ = {
			isa = XCBuildConfiguration;
			buildSettings = {
				ALWAYS_SEARCH_USER_PATHS = NO;
				CLANG_ANALYZER_NONNULL = YES;
				CLANG_ANALYZER_NUMBER_OBJECT_CONVERSION = YES_AGGRESSIVE;
				CLANG_CXX_LANGUAGE_STANDARD = "gnu++14";
				CLANG_CXX_LIBRARY = "libc++";
				CLANG_ENABLE_MODULES = YES;
				CLANG_ENABLE_OBJC_ARC = YES;
				CLANG_ENABLE_OBJC_WEAK = YES;
				CLANG_WARN_BLOCK_CAPTURE_AUTORELEASING = YES;
				CLANG_WARN_BOOL_CONVERSION = YES;
				CLANG_WARN_COMMA = YES;
				CLANG_WARN_CONSTANT_CONVERSION = YES;
				CLANG_WARN_DEPRECATED_OBJC_IMPLEMENTATIONS = YES;
				CLANG_WARN_DIRECT_OBJC_ISA_USAGE = YES_ERROR;
				CLANG_WARN_DOCUMENTATION_COMMENTS = YES;
				CLANG_WARN_EMPTY_BODY = YES;
				CLANG_WARN_ENUM_CONVERSION = YES;
				CLANG_WARN_INFINITE_RECURSION = YES;
				CLANG_WARN_INT_CONVERSION = YES;
				CLANG_WARN_NON_LITERAL_NULL_CONVERSION = YES;
				CLANG_WARN_OBJC_IMPLICIT_RETAIN_SELF = YES;
				CLANG_WARN_OBJC_LITERAL_CONVERSION = YES;
				CLANG_WARN_OBJC_ROOT_CLASS = YES_ERROR;
				CLANG_WARN_RANGE_LOOP_ANALYSIS = YES;
				CLANG_WARN_STRICT_PROTOTYPES = YES;
				CLANG_WARN_SUSPICIOUS_MOVE = YES;
				CLANG_WARN_UNGUARDED_AVAILABILITY = YES_AGGRESSIVE;
				CLANG_WARN_UNREACHABLE_CODE = YES;
				CLANG_WARN__DUPLICATE_METHOD_MATCH = YES;
				COPY_PHASE_STRIP = NO;
				DEBUG_INFORMATION_FORMAT = "dwarf-with-dsym";
				ENABLE_NS_ASSERTIONS = NO;
				ENABLE_STRICT_OBJC_MSGSEND = YES;
				GCC_C_LANGUAGE_STANDARD = gnu11;
				GCC_NO_COMMON_BLOCKS = YES;
				GCC_WARN_64_TO_32_BIT_CONVERSION = YES;
				GCC_WARN_ABOUT_RETURN_TYPE = YES_ERROR;
				GCC_WARN_UNDECLARED_SELECTOR = YES;
				GCC_WARN_UNINITIALIZED_AUTOS = YES_AGGRESSIVE;
				GCC_WARN_UNUSED_FUNCTION = YES;
				GCC_WARN_UNUSED_VARIABLE = YES;
				MTL_ENABLE_DEBUG_INFO = NO;
				MTL_FAST_MATH = YES;
				SDKROOT = appletvos;
				SWIFT_COMPILATION_MODE = wholemodule;
				SWIFT_OPTIMIZATION_LEVEL = "-O";
				TVOS_DEPLOYMENT_TARGET = 12.4;
				VALIDATE_PRODUCT = YES;
			};
			name = Release;
		};
		2432058E233DD9590058DC04 /* Debug */ = {
			isa = XCBuildConfiguration;
			buildSettings = {
				ASSETCATALOG_COMPILER_APPICON_NAME = "App Icon & Top Shelf Image";
				ASSETCATALOG_COMPILER_LAUNCHIMAGE_NAME = LaunchImage;
				CODE_SIGN_STYLE = Automatic;
				DEVELOPMENT_TEAM = FYKM8X2423;
				INFOPLIST_FILE = PinballTV/Info.plist;
				LD_RUNPATH_SEARCH_PATHS = (
					"$(inherited)",
					"@executable_path/Frameworks",
				);
				PRODUCT_BUNDLE_IDENTIFIER = edu.ucsd.PinballTV;
				PRODUCT_NAME = "$(TARGET_NAME)";
				SWIFT_VERSION = 5.0;
				TARGETED_DEVICE_FAMILY = 3;
			};
			name = Debug;
		};
		2432058F233DD9590058DC04 /* Release */ = {
			isa = XCBuildConfiguration;
			buildSettings = {
				ASSETCATALOG_COMPILER_APPICON_NAME = "App Icon & Top Shelf Image";
				ASSETCATALOG_COMPILER_LAUNCHIMAGE_NAME = LaunchImage;
				CODE_SIGN_STYLE = Automatic;
				DEVELOPMENT_TEAM = FYKM8X2423;
				INFOPLIST_FILE = PinballTV/Info.plist;
				LD_RUNPATH_SEARCH_PATHS = (
					"$(inherited)",
					"@executable_path/Frameworks",
				);
				PRODUCT_BUNDLE_IDENTIFIER = edu.ucsd.PinballTV;
				PRODUCT_NAME = "$(TARGET_NAME)";
				SWIFT_VERSION = 5.0;
				TARGETED_DEVICE_FAMILY = 3;
			};
			name = Release;
		};
		243205AA233DD98B0058DC04 /* Debug */ = {
			isa = XCBuildConfiguration;
			buildSettings = {
				ASSETCATALOG_COMPILER_APPICON_NAME = AppIcon;
				CODE_SIGN_IDENTITY = "iPhone Developer";
				CODE_SIGN_STYLE = Automatic;
				DEVELOPMENT_TEAM = FYKM8X2423;
				INFOPLIST_FILE = PinballiOS/Info.plist;
				IPHONEOS_DEPLOYMENT_TARGET = 12.4;
				LD_RUNPATH_SEARCH_PATHS = (
					"$(inherited)",
					"@executable_path/Frameworks",
				);
				PRODUCT_BUNDLE_IDENTIFIER = edu.ucsd.PinballiOS;
				PRODUCT_NAME = "$(TARGET_NAME)";
				SDKROOT = iphoneos;
				SWIFT_VERSION = 5.0;
				TARGETED_DEVICE_FAMILY = "1,2";
			};
			name = Debug;
		};
		243205AB233DD98B0058DC04 /* Release */ = {
			isa = XCBuildConfiguration;
			buildSettings = {
				ASSETCATALOG_COMPILER_APPICON_NAME = AppIcon;
				CODE_SIGN_IDENTITY = "iPhone Developer";
				CODE_SIGN_STYLE = Automatic;
				DEVELOPMENT_TEAM = FYKM8X2423;
				INFOPLIST_FILE = PinballiOS/Info.plist;
				IPHONEOS_DEPLOYMENT_TARGET = 12.4;
				LD_RUNPATH_SEARCH_PATHS = (
					"$(inherited)",
					"@executable_path/Frameworks",
				);
				PRODUCT_BUNDLE_IDENTIFIER = edu.ucsd.PinballiOS;
				PRODUCT_NAME = "$(TARGET_NAME)";
				SDKROOT = iphoneos;
				SWIFT_VERSION = 5.0;
				TARGETED_DEVICE_FAMILY = "1,2";
			};
			name = Release;
		};
/* End XCBuildConfiguration section */

/* Begin XCConfigurationList section */
		24320573233DD9580058DC04 /* Build configuration list for PBXProject "PinballTV" */ = {
			isa = XCConfigurationList;
			buildConfigurations = (
				2432058B233DD9590058DC04 /* Debug */,
				2432058C233DD9590058DC04 /* Release */,
			);
			defaultConfigurationIsVisible = 0;
			defaultConfigurationName = Release;
		};
		2432058D233DD9590058DC04 /* Build configuration list for PBXNativeTarget "PinballTV" */ = {
			isa = XCConfigurationList;
			buildConfigurations = (
				2432058E233DD9590058DC04 /* Debug */,
				2432058F233DD9590058DC04 /* Release */,
			);
			defaultConfigurationIsVisible = 0;
			defaultConfigurationName = Release;
		};
		243205A9233DD98B0058DC04 /* Build configuration list for PBXNativeTarget "PinballiOS" */ = {
			isa = XCConfigurationList;
			buildConfigurations = (
				243205AA233DD98B0058DC04 /* Debug */,
				243205AB233DD98B0058DC04 /* Release */,
			);
			defaultConfigurationIsVisible = 0;
			defaultConfigurationName = Release;
		};
/* End XCConfigurationList section */
	};
	rootObject = 24320570233DD9580058DC04 /* Project object */;
}
